
Microsoft Visual Studio Solution File, Format Version 12.00
# Visual Studio Version 16
VisualStudioVersion = 16.0.31313.79
MinimumVisualStudioVersion = 10.0.40219.1
Project("{9A19103F-16F7-4668-BE54-9A1E7A4F7556}") = "AplClient", "ASMRaytracer\AplClient.csproj", "{75EFECEE-83C7-4092-932F-8DB7D206B790}"
	ProjectSection(ProjectDependencies) = postProject
		{FF422B49-6195-40ED-8566-F7F94818B707} = {FF422B49-6195-40ED-8566-F7F94818B707}
	EndProjectSection
EndProject
Project("{8BC9CEB8-8B4A-11D0-8D11-00A0C91BC942}") = "AsmLibrary", "AsmLibrary\AsmLibrary.vcxproj", "{FF422B49-6195-40ED-8566-F7F94818B707}"
EndProject
Global
	GlobalSection(SolutionConfigurationPlatforms) = preSolution
		Debug|Any CPU = Debug|Any CPU
		Debug|x64 = Debug|x64
		Debug|x86 = Debug|x86
		Release|Any CPU = Release|Any CPU
		Release|x64 = Release|x64
		Release|x86 = Release|x86
	EndGlobalSection
	GlobalSection(ProjectConfigurationPlatforms) = postSolution
		{75EFECEE-83C7-4092-932F-8DB7D206B790}.Debug|Any CPU.ActiveCfg = Debug|Any CPU
		{75EFECEE-83C7-4092-932F-8DB7D206B790}.Debug|Any CPU.Build.0 = Debug|Any CPU
		{75EFECEE-83C7-4092-932F-8DB7D206B790}.Debug|x64.ActiveCfg = Debug|Any CPU
		{75EFECEE-83C7-4092-932F-8DB7D206B790}.Debug|x64.Build.0 = Debug|Any CPU
		{75EFECEE-83C7-4092-932F-8DB7D206B790}.Debug|x86.ActiveCfg = Debug|Any CPU
		{75EFECEE-83C7-4092-932F-8DB7D206B790}.Debug|x86.Build.0 = Debug|Any CPU
		{75EFECEE-83C7-4092-932F-8DB7D206B790}.Release|Any CPU.ActiveCfg = Release|Any CPU
		{75EFECEE-83C7-4092-932F-8DB7D206B790}.Release|Any CPU.Build.0 = Release|Any CPU
		{75EFECEE-83C7-4092-932F-8DB7D206B790}.Release|x64.ActiveCfg = Release|Any CPU
		{75EFECEE-83C7-4092-932F-8DB7D206B790}.Release|x64.Build.0 = Release|Any CPU
		{75EFECEE-83C7-4092-932F-8DB7D206B790}.Release|x86.ActiveCfg = Release|Any CPU
		{75EFECEE-83C7-4092-932F-8DB7D206B790}.Release|x86.Build.0 = Release|Any CPU
		{FF422B49-6195-40ED-8566-F7F94818B707}.Debug|Any CPU.ActiveCfg = Debug|Win32
		{FF422B49-6195-40ED-8566-F7F94818B707}.Debug|x64.ActiveCfg = Debug|x64
		{FF422B49-6195-40ED-8566-F7F94818B707}.Debug|x64.Build.0 = Debug|x64
		{FF422B49-6195-40ED-8566-F7F94818B707}.Debug|x86.ActiveCfg = Debug|Win32
		{FF422B49-6195-40ED-8566-F7F94818B707}.Debug|x86.Build.0 = Debug|Win32
		{FF422B49-6195-40ED-8566-F7F94818B707}.Release|Any CPU.ActiveCfg = Release|Win32
		{FF422B49-6195-40ED-8566-F7F94818B707}.Release|x64.ActiveCfg = Release|x64
		{FF422B49-6195-40ED-8566-F7F94818B707}.Release|x64.Build.0 = Release|x64
		{FF422B49-6195-40ED-8566-F7F94818B707}.Release|x86.ActiveCfg = Release|Win32
		{FF422B49-6195-40ED-8566-F7F94818B707}.Release|x86.Build.0 = Release|Win32
	EndGlobalSection
	GlobalSection(SolutionProperties) = preSolution
		HideSolutionNode = FALSE
	EndGlobalSection
	GlobalSection(ExtensibilityGlobals) = postSolution
		SolutionGuid = {60A26C54-5D83-4530-9A10-62D2D9E96738}
	EndGlobalSection
EndGlobal
